
Microsoft Visual Studio Solution File, Format Version 12.00
# Visual Studio Version 17
VisualStudioVersion = 17.2.32630.192
MinimumVisualStudioVersion = 10.0.40219.1
Project("{9A19103F-16F7-4668-BE54-9A1E7A4F7556}") = "AluraFlix.Infrastructure", "src\AluraFlix.Infrastructure\AluraFlix.Infrastructure.csproj", "{DA30058A-29B9-4B36-ACDC-22F4D6EC9ECE}"
EndProject
Project("{9A19103F-16F7-4668-BE54-9A1E7A4F7556}") = "AluraFlix.Domain", "src\AluraFlix.Domain\AluraFlix.Domain.csproj", "{3C55CA67-A3E0-41F7-8881-0BF17F6CCE40}"
EndProject
Project("{2150E333-8FDC-42A3-9474-1A3956D46DE8}") = "src", "src", "{AD9C5D65-F5F6-4C2A-90ED-DA207F5F77E2}"
EndProject
Project("{9A19103F-16F7-4668-BE54-9A1E7A4F7556}") = "AluraFlix.Application", "src\AluraFlix.Application\AluraFlix.Application.csproj", "{F03D4180-6790-4B6C-8214-B3A366884552}"
EndProject
Project("{9A19103F-16F7-4668-BE54-9A1E7A4F7556}") = "AluraFlix.Exceptions", "src\AluraFlix.Exceptions\AluraFlix.Exceptions.csproj", "{DAB49224-5717-4C70-A142-D10BB12E00BD}"
EndProject
Project("{9A19103F-16F7-4668-BE54-9A1E7A4F7556}") = "AluraFlix.API", "src\AluraFlix.API\AluraFlix.API.csproj", "{CEEB8FFE-0495-4567-81C7-A819738CE243}"
EndProject
Project("{2150E333-8FDC-42A3-9474-1A3956D46DE8}") = "tests", "tests", "{FF5D6225-071C-4EC1-A5AE-45EAA434073F}"
EndProject
Project("{9A19103F-16F7-4668-BE54-9A1E7A4F7556}") = "Validators.Test", "tests\Validators.Test\Validators.Test.csproj", "{4190E537-BACA-429B-B1A5-3589B742C0F6}"
EndProject
Project("{9A19103F-16F7-4668-BE54-9A1E7A4F7556}") = "Utilities", "tests\Utilities\Utilities.csproj", "{833C60A9-22BE-4181-AAEF-0AD8455417B9}"
EndProject
Project("{FAE04EC0-301F-11D3-BF4B-00C04F79EFBC}") = "Handlers.Test", "tests\Handlers.Test\Handlers.Test.csproj", "{AC638CE7-9278-40BE-BF85-7A85D5B89E72}"
EndProject
Global
	GlobalSection(SolutionConfigurationPlatforms) = preSolution
		Debug|Any CPU = Debug|Any CPU
		Release|Any CPU = Release|Any CPU
	EndGlobalSection
	GlobalSection(ProjectConfigurationPlatforms) = postSolution
		{DA30058A-29B9-4B36-ACDC-22F4D6EC9ECE}.Debug|Any CPU.ActiveCfg = Debug|Any CPU
		{DA30058A-29B9-4B36-ACDC-22F4D6EC9ECE}.Debug|Any CPU.Build.0 = Debug|Any CPU
		{DA30058A-29B9-4B36-ACDC-22F4D6EC9ECE}.Release|Any CPU.ActiveCfg = Release|Any CPU
		{DA30058A-29B9-4B36-ACDC-22F4D6EC9ECE}.Release|Any CPU.Build.0 = Release|Any CPU
		{3C55CA67-A3E0-41F7-8881-0BF17F6CCE40}.Debug|Any CPU.ActiveCfg = Debug|Any CPU
		{3C55CA67-A3E0-41F7-8881-0BF17F6CCE40}.Debug|Any CPU.Build.0 = Debug|Any CPU
		{3C55CA67-A3E0-41F7-8881-0BF17F6CCE40}.Release|Any CPU.ActiveCfg = Release|Any CPU
		{3C55CA67-A3E0-41F7-8881-0BF17F6CCE40}.Release|Any CPU.Build.0 = Release|Any CPU
		{F03D4180-6790-4B6C-8214-B3A366884552}.Debug|Any CPU.ActiveCfg = Debug|Any CPU
		{F03D4180-6790-4B6C-8214-B3A366884552}.Debug|Any CPU.Build.0 = Debug|Any CPU
		{F03D4180-6790-4B6C-8214-B3A366884552}.Release|Any CPU.ActiveCfg = Release|Any CPU
		{F03D4180-6790-4B6C-8214-B3A366884552}.Release|Any CPU.Build.0 = Release|Any CPU
		{DAB49224-5717-4C70-A142-D10BB12E00BD}.Debug|Any CPU.ActiveCfg = Debug|Any CPU
		{DAB49224-5717-4C70-A142-D10BB12E00BD}.Debug|Any CPU.Build.0 = Debug|Any CPU
		{DAB49224-5717-4C70-A142-D10BB12E00BD}.Release|Any CPU.ActiveCfg = Release|Any CPU
		{DAB49224-5717-4C70-A142-D10BB12E00BD}.Release|Any CPU.Build.0 = Release|Any CPU
		{CEEB8FFE-0495-4567-81C7-A819738CE243}.Debug|Any CPU.ActiveCfg = Debug|Any CPU
		{CEEB8FFE-0495-4567-81C7-A819738CE243}.Debug|Any CPU.Build.0 = Debug|Any CPU
		{CEEB8FFE-0495-4567-81C7-A819738CE243}.Release|Any CPU.ActiveCfg = Release|Any CPU
		{CEEB8FFE-0495-4567-81C7-A819738CE243}.Release|Any CPU.Build.0 = Release|Any CPU
		{4190E537-BACA-429B-B1A5-3589B742C0F6}.Debug|Any CPU.ActiveCfg = Debug|Any CPU
		{4190E537-BACA-429B-B1A5-3589B742C0F6}.Debug|Any CPU.Build.0 = Debug|Any CPU
		{4190E537-BACA-429B-B1A5-3589B742C0F6}.Release|Any CPU.ActiveCfg = Release|Any CPU
		{4190E537-BACA-429B-B1A5-3589B742C0F6}.Release|Any CPU.Build.0 = Release|Any CPU
		{833C60A9-22BE-4181-AAEF-0AD8455417B9}.Debug|Any CPU.ActiveCfg = Debug|Any CPU
		{833C60A9-22BE-4181-AAEF-0AD8455417B9}.Debug|Any CPU.Build.0 = Debug|Any CPU
		{833C60A9-22BE-4181-AAEF-0AD8455417B9}.Release|Any CPU.ActiveCfg = Release|Any CPU
		{833C60A9-22BE-4181-AAEF-0AD8455417B9}.Release|Any CPU.Build.0 = Release|Any CPU
		{AC638CE7-9278-40BE-BF85-7A85D5B89E72}.Debug|Any CPU.ActiveCfg = Debug|Any CPU
		{AC638CE7-9278-40BE-BF85-7A85D5B89E72}.Debug|Any CPU.Build.0 = Debug|Any CPU
		{AC638CE7-9278-40BE-BF85-7A85D5B89E72}.Release|Any CPU.ActiveCfg = Release|Any CPU
		{AC638CE7-9278-40BE-BF85-7A85D5B89E72}.Release|Any CPU.Build.0 = Release|Any CPU
	EndGlobalSection
	GlobalSection(SolutionProperties) = preSolution
		HideSolutionNode = FALSE
	EndGlobalSection
	GlobalSection(NestedProjects) = preSolution
		{DA30058A-29B9-4B36-ACDC-22F4D6EC9ECE} = {AD9C5D65-F5F6-4C2A-90ED-DA207F5F77E2}
		{3C55CA67-A3E0-41F7-8881-0BF17F6CCE40} = {AD9C5D65-F5F6-4C2A-90ED-DA207F5F77E2}
		{F03D4180-6790-4B6C-8214-B3A366884552} = {AD9C5D65-F5F6-4C2A-90ED-DA207F5F77E2}
		{DAB49224-5717-4C70-A142-D10BB12E00BD} = {AD9C5D65-F5F6-4C2A-90ED-DA207F5F77E2}
		{CEEB8FFE-0495-4567-81C7-A819738CE243} = {AD9C5D65-F5F6-4C2A-90ED-DA207F5F77E2}
		{4190E537-BACA-429B-B1A5-3589B742C0F6} = {FF5D6225-071C-4EC1-A5AE-45EAA434073F}
		{833C60A9-22BE-4181-AAEF-0AD8455417B9} = {FF5D6225-071C-4EC1-A5AE-45EAA434073F}
		{AC638CE7-9278-40BE-BF85-7A85D5B89E72} = {FF5D6225-071C-4EC1-A5AE-45EAA434073F}
	EndGlobalSection
	GlobalSection(ExtensibilityGlobals) = postSolution
		SolutionGuid = {0763F3C6-5DCF-4BC5-9878-191F0096E65D}
	EndGlobalSection
EndGlobal
